// !$*UTF8*$!
{
	archiveVersion = 1;
	classes = {
	};
	objectVersion = 46;
	objects = {

/* Begin PBXBuildFile section */
		8995BB49FA1D923ED6D7057D /* Pods.framework in Frameworks */ = {isa = PBXBuildFile; fileRef = F3C805FF9D7050632A53AE7A /* Pods.framework */; };
		C993C68F1CD87675000692EC /* AppDelegate.swift in Sources */ = {isa = PBXBuildFile; fileRef = C993C68E1CD87675000692EC /* AppDelegate.swift */; };
		C993C6911CD87675000692EC /* ViewController.swift in Sources */ = {isa = PBXBuildFile; fileRef = C993C6901CD87675000692EC /* ViewController.swift */; };
		C993C6941CD87675000692EC /* Main.storyboard in Resources */ = {isa = PBXBuildFile; fileRef = C993C6921CD87675000692EC /* Main.storyboard */; };
		C993C6961CD87675000692EC /* Assets.xcassets in Resources */ = {isa = PBXBuildFile; fileRef = C993C6951CD87675000692EC /* Assets.xcassets */; };
		C993C6991CD87675000692EC /* LaunchScreen.storyboard in Resources */ = {isa = PBXBuildFile; fileRef = C993C6971CD87675000692EC /* LaunchScreen.storyboard */; };
/* End PBXBuildFile section */

/* Begin PBXFileReference section */
		7B2DCA522D2A8EEA636F2490 /* Pods.debug.xcconfig */ = {isa = PBXFileReference; includeInIndex = 1; lastKnownFileType = text.xcconfig; name = Pods.debug.xcconfig; path = "Pods/Target Support Files/Pods/Pods.debug.xcconfig"; sourceTree = "<group>"; };
		A61DCE9584A14870AEEA1A42 /* Pods.release.xcconfig */ = {isa = PBXFileReference; includeInIndex = 1; lastKnownFileType = text.xcconfig; name = Pods.release.xcconfig; path = "Pods/Target Support Files/Pods/Pods.release.xcconfig"; sourceTree = "<group>"; };
		C993C68B1CD87675000692EC /* PlaygroundDemo.app */ = {isa = PBXFileReference; explicitFileType = wrapper.application; includeInIndex = 0; path = PlaygroundDemo.app; sourceTree = BUILT_PRODUCTS_DIR; };
		C993C68E1CD87675000692EC /* AppDelegate.swift */ = {isa = PBXFileReference; lastKnownFileType = sourcecode.swift; path = AppDelegate.swift; sourceTree = "<group>"; };
		C993C6901CD87675000692EC /* ViewController.swift */ = {isa = PBXFileReference; lastKnownFileType = sourcecode.swift; path = ViewController.swift; sourceTree = "<group>"; };
		C993C6931CD87675000692EC /* Base */ = {isa = PBXFileReference; lastKnownFileType = file.storyboard; name = Base; path = Base.lproj/Main.storyboard; sourceTree = "<group>"; };
		C993C6951CD87675000692EC /* Assets.xcassets */ = {isa = PBXFileReference; lastKnownFileType = folder.assetcatalog; path = Assets.xcassets; sourceTree = "<group>"; };
		C993C6981CD87675000692EC /* Base */ = {isa = PBXFileReference; lastKnownFileType = file.storyboard; name = Base; path = Base.lproj/LaunchScreen.storyboard; sourceTree = "<group>"; };
		C993C69A1CD87675000692EC /* Info.plist */ = {isa = PBXFileReference; lastKnownFileType = text.plist.xml; path = Info.plist; sourceTree = "<group>"; };
		C993C6A11CD8787D000692EC /* BasicPlayground.playground */ = {isa = PBXFileReference; lastKnownFileType = file.playground; path = BasicPlayground.playground; sourceTree = "<group>"; };
		C993C6A21CD8787D000692EC /* MyPlayground.playground */ = {isa = PBXFileReference; lastKnownFileType = file.playground; path = MyPlayground.playground; sourceTree = "<group>"; };
		C993C6A31CD8787D000692EC /* PodPlayground.playground */ = {isa = PBXFileReference; lastKnownFileType = file.playground; path = PodPlayground.playground; sourceTree = "<group>"; };
		C993C6A41CD8787D000692EC /* StoryBoardPlayground.playground */ = {isa = PBXFileReference; lastKnownFileType = file.playground; path = StoryBoardPlayground.playground; sourceTree = "<group>"; };
		C993C6A51CD8787D000692EC /* TableViewPlayground.playground */ = {isa = PBXFileReference; lastKnownFileType = file.playground; path = TableViewPlayground.playground; sourceTree = "<group>"; };
		F3C805FF9D7050632A53AE7A /* Pods.framework */ = {isa = PBXFileReference; explicitFileType = wrapper.framework; includeInIndex = 0; path = Pods.framework; sourceTree = BUILT_PRODUCTS_DIR; };
/* End PBXFileReference section */

/* Begin PBXFrameworksBuildPhase section */
		C993C6881CD87675000692EC /* Frameworks */ = {
			isa = PBXFrameworksBuildPhase;
			buildActionMask = 2147483647;
			files = (
				8995BB49FA1D923ED6D7057D /* Pods.framework in Frameworks */,
			);
			runOnlyForDeploymentPostprocessing = 0;
		};
/* End PBXFrameworksBuildPhase section */

/* Begin PBXGroup section */
		C993C6821CD87675000692EC = {
			isa = PBXGroup;
			children = (
				C993C68D1CD87675000692EC /* PlaygroundDemo */,
				C993C68C1CD87675000692EC /* Products */,
				F2E0645ECC341F4591506B62 /* Pods */,
				F19E536FF6757B6C80B13E06 /* Frameworks */,
			);
			sourceTree = "<group>";
		};
		C993C68C1CD87675000692EC /* Products */ = {
			isa = PBXGroup;
			children = (
				C993C68B1CD87675000692EC /* PlaygroundDemo.app */,
			);
			name = Products;
			sourceTree = "<group>";
		};
		C993C68D1CD87675000692EC /* PlaygroundDemo */ = {
			isa = PBXGroup;
			children = (
				C993C6A01CD87871000692EC /* Playgrounds */,
				C993C68E1CD87675000692EC /* AppDelegate.swift */,
				C993C6901CD87675000692EC /* ViewController.swift */,
				C993C6921CD87675000692EC /* Main.storyboard */,
				C993C6951CD87675000692EC /* Assets.xcassets */,
				C993C6971CD87675000692EC /* LaunchScreen.storyboard */,
				C993C69A1CD87675000692EC /* Info.plist */,
			);
			path = PlaygroundDemo;
			sourceTree = "<group>";
		};
		C993C6A01CD87871000692EC /* Playgrounds */ = {
			isa = PBXGroup;
			children = (
				C993C6A11CD8787D000692EC /* BasicPlayground.playground */,
				C993C6A21CD8787D000692EC /* MyPlayground.playground */,
				C993C6A31CD8787D000692EC /* PodPlayground.playground */,
				C993C6A41CD8787D000692EC /* StoryBoardPlayground.playground */,
				C993C6A51CD8787D000692EC /* TableViewPlayground.playground */,
			);
			name = Playgrounds;
			sourceTree = "<group>";
		};
		F19E536FF6757B6C80B13E06 /* Frameworks */ = {
			isa = PBXGroup;
			children = (
				F3C805FF9D7050632A53AE7A /* Pods.framework */,
			);
			name = Frameworks;
			sourceTree = "<group>";
		};
		F2E0645ECC341F4591506B62 /* Pods */ = {
			isa = PBXGroup;
			children = (
				7B2DCA522D2A8EEA636F2490 /* Pods.debug.xcconfig */,
				A61DCE9584A14870AEEA1A42 /* Pods.release.xcconfig */,
			);
			name = Pods;
			sourceTree = "<group>";
		};
/* End PBXGroup section */

/* Begin PBXNativeTarget section */
		C993C68A1CD87675000692EC /* PlaygroundDemo */ = {
			isa = PBXNativeTarget;
			buildConfigurationList = C993C69D1CD87675000692EC /* Build configuration list for PBXNativeTarget "PlaygroundDemo" */;
			buildPhases = (
				DC0BE5B124628E5811DEE09B /* Check Pods Manifest.lock */,
				C993C6871CD87675000692EC /* Sources */,
				C993C6881CD87675000692EC /* Frameworks */,
				C993C6891CD87675000692EC /* Resources */,
				DEC793C1897095C06377638B /* Embed Pods Frameworks */,
				272B7AFE7F37E439B11409C4 /* Copy Pods Resources */,
			);
			buildRules = (
			);
			dependencies = (
			);
			name = PlaygroundDemo;
			productName = PlaygroundDemo;
			productReference = C993C68B1CD87675000692EC /* PlaygroundDemo.app */;
			productType = "com.apple.product-type.application";
		};
/* End PBXNativeTarget section */

/* Begin PBXProject section */
		C993C6831CD87675000692EC /* Project object */ = {
			isa = PBXProject;
			attributes = {
				LastSwiftUpdateCheck = 0730;
				LastUpgradeCheck = 0730;
				ORGANIZATIONNAME = "Luke Vergos";
				TargetAttributes = {
					C993C68A1CD87675000692EC = {
						CreatedOnToolsVersion = 7.3;
					};
				};
			};
			buildConfigurationList = C993C6861CD87675000692EC /* Build configuration list for PBXProject "PlaygroundDemo" */;
			compatibilityVersion = "Xcode 3.2";
			developmentRegion = English;
			hasScannedForEncodings = 0;
			knownRegions = (
				en,
				Base,
			);
			mainGroup = C993C6821CD87675000692EC;
			productRefGroup = C993C68C1CD87675000692EC /* Products */;
			projectDirPath = "";
			projectRoot = "";
			targets = (
				C993C68A1CD87675000692EC /* PlaygroundDemo */,
			);
		};
/* End PBXProject section */

/* Begin PBXResourcesBuildPhase section */
		C993C6891CD87675000692EC /* Resources */ = {
			isa = PBXResourcesBuildPhase;
			buildActionMask = 2147483647;
			files = (
				C993C6991CD87675000692EC /* LaunchScreen.storyboard in Resources */,
				C993C6961CD87675000692EC /* Assets.xcassets in Resources */,
				C993C6941CD87675000692EC /* Main.storyboard in Resources */,
			);
			runOnlyForDeploymentPostprocessing = 0;
		};
/* End PBXResourcesBuildPhase section */

/* Begin PBXShellScriptBuildPhase section */
		272B7AFE7F37E439B11409C4 /* Copy Pods Resources */ = {
			isa = PBXShellScriptBuildPhase;
			buildActionMask = 2147483647;
			files = (
			);
			inputPaths = (
			);
			name = "Copy Pods Resources";
			outputPaths = (
			);
			runOnlyForDeploymentPostprocessing = 0;
			shellPath = /bin/sh;
			shellScript = "\"${SRCROOT}/Pods/Target Support Files/Pods/Pods-resources.sh\"\n";
			showEnvVarsInLog = 0;
		};
		DC0BE5B124628E5811DEE09B /* Check Pods Manifest.lock */ = {
			isa = PBXShellScriptBuildPhase;
			buildActionMask = 2147483647;
			files = (
			);
			inputPaths = (
			);
			name = "Check Pods Manifest.lock";
			outputPaths = (
			);
			runOnlyForDeploymentPostprocessing = 0;
			shellPath = /bin/sh;
			shellScript = "diff \"${PODS_ROOT}/../Podfile.lock\" \"${PODS_ROOT}/Manifest.lock\" > /dev/null\nif [[ $? != 0 ]] ; then\n    cat << EOM\nerror: The sandbox is not in sync with the Podfile.lock. Run 'pod install' or update your CocoaPods installation.\nEOM\n    exit 1\nfi\n";
			showEnvVarsInLog = 0;
		};
		DEC793C1897095C06377638B /* Embed Pods Frameworks */ = {
			isa = PBXShellScriptBuildPhase;
			buildActionMask = 2147483647;
			files = (
			);
			inputPaths = (
			);
			name = "Embed Pods Frameworks";
			outputPaths = (
			);
			runOnlyForDeploymentPostprocessing = 0;
			shellPath = /bin/sh;
			shellScript = "\"${SRCROOT}/Pods/Target Support Files/Pods/Pods-frameworks.sh\"\n";
			showEnvVarsInLog = 0;
		};
/* End PBXShellScriptBuildPhase section */

/* Begin PBXSourcesBuildPhase section */
		C993C6871CD87675000692EC /* Sources */ = {
			isa = PBXSourcesBuildPhase;
			buildActionMask = 2147483647;
			files = (
				C993C6911CD87675000692EC /* ViewController.swift in Sources */,
				C993C68F1CD87675000692EC /* AppDelegate.swift in Sources */,
			);
			runOnlyForDeploymentPostprocessing = 0;
		};
/* End PBXSourcesBuildPhase section */

/* Begin PBXVariantGroup section */
		C993C6921CD87675000692EC /* Main.storyboard */ = {
			isa = PBXVariantGroup;
			children = (
				C993C6931CD87675000692EC /* Base */,
			);
			name = Main.storyboard;
			sourceTree = "<group>";
		};
		C993C6971CD87675000692EC /* LaunchScreen.storyboard */ = {
			isa = PBXVariantGroup;
			children = (
				C993C6981CD87675000692EC /* Base */,
			);
			name = LaunchScreen.storyboard;
			sourceTree = "<group>";
		};
/* End PBXVariantGroup section */

/* Begin XCBuildConfiguration section */
		C993C69B1CD87675000692EC /* Debug */ = {
			isa = XCBuildConfiguration;
			buildSettings = {
				ALWAYS_SEARCH_USER_PATHS = NO;
				CLANG_ANALYZER_NONNULL = YES;
				CLANG_CXX_LANGUAGE_STANDARD = "gnu++0x";
				CLANG_CXX_LIBRARY = "libc++";
				CLANG_ENABLE_MODULES = YES;
				CLANG_ENABLE_OBJC_ARC = YES;
				CLANG_WARN_BOOL_CONVERSION = YES;
				CLANG_WARN_CONSTANT_CONVERSION = YES;
				CLANG_WARN_DIRECT_OBJC_ISA_USAGE = YES_ERROR;
				CLANG_WARN_EMPTY_BODY = YES;
				CLANG_WARN_ENUM_CONVERSION = YES;
				CLANG_WARN_INT_CONVERSION = YES;
				CLANG_WARN_OBJC_ROOT_CLASS = YES_ERROR;
				CLANG_WARN_UNREACHABLE_CODE = YES;
				CLANG_WARN__DUPLICATE_METHOD_MATCH = YES;
				"CODE_SIGN_IDENTITY[sdk=iphoneos*]" = "iPhone Developer";
				COPY_PHASE_STRIP = NO;
				DEBUG_INFORMATION_FORMAT = dwarf;
				ENABLE_STRICT_OBJC_MSGSEND = YES;
				ENABLE_TESTABILITY = YES;
				GCC_C_LANGUAGE_STANDARD = gnu99;
				GCC_DYNAMIC_NO_PIC = NO;
				GCC_NO_COMMON_BLOCKS = YES;
				GCC_OPTIMIZATION_LEVEL = 0;
				GCC_PREPROCESSOR_DEFINITIONS = (
					"DEBUG=1",
					"$(inherited)",
				);
				GCC_WARN_64_TO_32_BIT_CONVERSION = YES;
				GCC_WARN_ABOUT_RETURN_TYPE = YES_ERROR;
				GCC_WARN_UNDECLARED_SELECTOR = YES;
				GCC_WARN_UNINITIALIZED_AUTOS = YES_AGGRESSIVE;
				GCC_WARN_UNUSED_FUNCTION = YES;
				GCC_WARN_UNUSED_VARIABLE = YES;
				IPHONEOS_DEPLOYMENT_TARGET = 9.3;
				MTL_ENABLE_DEBUG_INFO = YES;
				ONLY_ACTIVE_ARCH = YES;
				SDKROOT = iphoneos;
				SWIFT_OPTIMIZATION_LEVEL = "-Onone";
				TARGETED_DEVICE_FAMILY = "1,2";
			};
			name = Debug;
		};
		C993C69C1CD87675000692EC /* Release */ = {
			isa = XCBuildConfiguration;
			buildSettings = {
				ALWAYS_SEARCH_USER_PATHS = NO;
				CLANG_ANALYZER_NONNULL = YES;
				CLANG_CXX_LANGUAGE_STANDARD = "gnu++0x";
				CLANG_CXX_LIBRARY = "libc++";
				CLANG_ENABLE_MODULES = YES;
				CLANG_ENABLE_OBJC_ARC = YES;
				CLANG_WARN_BOOL_CONVERSION = YES;
				CLANG_WARN_CONSTANT_CONVERSION = YES;
				CLANG_WARN_DIRECT_OBJC_ISA_USAGE = YES_ERROR;
				CLANG_WARN_EMPTY_BODY = YES;
				CLANG_WARN_ENUM_CONVERSION = YES;
				CLANG_WARN_INT_CONVERSION = YES;
				CLANG_WARN_OBJC_ROOT_CLASS = YES_ERROR;
				CLANG_WARN_UNREACHABLE_CODE = YES;
				CLANG_WARN__DUPLICATE_METHOD_MATCH = YES;
				"CODE_SIGN_IDENTITY[sdk=iphoneos*]" = "iPhone Developer";
				COPY_PHASE_STRIP = NO;
				DEBUG_INFORMATION_FORMAT = "dwarf-with-dsym";
				ENABLE_NS_ASSERTIONS = NO;
				ENABLE_STRICT_OBJC_MSGSEND = YES;
				GCC_C_LANGUAGE_STANDARD = gnu99;
				GCC_NO_COMMON_BLOCKS = YES;
				GCC_WARN_64_TO_32_BIT_CONVERSION = YES;
				GCC_WARN_ABOUT_RETURN_TYPE = YES_ERROR;
				GCC_WARN_UNDECLARED_SELECTOR = YES;
				GCC_WARN_UNINITIALIZED_AUTOS = YES_AGGRESSIVE;
				GCC_WARN_UNUSED_FUNCTION = YES;
				GCC_WARN_UNUSED_VARIABLE = YES;
				IPHONEOS_DEPLOYMENT_TARGET = 9.3;
				MTL_ENABLE_DEBUG_INFO = NO;
				SDKROOT = iphoneos;
				TARGETED_DEVICE_FAMILY = "1,2";
				VALIDATE_PRODUCT = YES;
			};
			name = Release;
		};
		C993C69E1CD87675000692EC /* Debug */ = {
			isa = XCBuildConfiguration;
			baseConfigurationReference = 7B2DCA522D2A8EEA636F2490 /* Pods.debug.xcconfig */;
			buildSettings = {
				ASSETCATALOG_COMPILER_APPICON_NAME = AppIcon;
				INFOPLIST_FILE = PlaygroundDemo/Info.plist;
				LD_RUNPATH_SEARCH_PATHS = "$(inherited) @executable_path/Frameworks";
				PRODUCT_BUNDLE_IDENTIFIER = com.via.PlaygroundDemo;
				PRODUCT_NAME = "$(TARGET_NAME)";
			};
			name = Debug;
		};
		C993C69F1CD87675000692EC /* Release */ = {
			isa = XCBuildConfiguration;
			baseConfigurationReference = A61DCE9584A14870AEEA1A42 /* Pods.release.xcconfig */;
			buildSettings = {
				ASSETCATALOG_COMPILER_APPICON_NAME = AppIcon;
				INFOPLIST_FILE = PlaygroundDemo/Info.plist;
				LD_RUNPATH_SEARCH_PATHS = "$(inherited) @executable_path/Frameworks";
				PRODUCT_BUNDLE_IDENTIFIER = com.via.PlaygroundDemo;
				PRODUCT_NAME = "$(TARGET_NAME)";
			};
			name = Release;
		};
/* End XCBuildConfiguration section */

/* Begin XCConfigurationList section */
		C993C6861CD87675000692EC /* Build configuration list for PBXProject "PlaygroundDemo" */ = {
			isa = XCConfigurationList;
			buildConfigurations = (
				C993C69B1CD87675000692EC /* Debug */,
				C993C69C1CD87675000692EC /* Release */,
			);
			defaultConfigurationIsVisible = 0;
			defaultConfigurationName = Release;
		};
		C993C69D1CD87675000692EC /* Build configuration list for PBXNativeTarget "PlaygroundDemo" */ = {
			isa = XCConfigurationList;
			buildConfigurations = (
				C993C69E1CD87675000692EC /* Debug */,
				C993C69F1CD87675000692EC /* Release */,
			);
			defaultConfigurationIsVisible = 0;
			defaultConfigurationName = Release;
		};
/* End XCConfigurationList section */
	};
	rootObject = C993C6831CD87675000692EC /* Project object */;
}
